
Microsoft Visual Studio Solution File, Format Version 12.00
# Visual Studio 15
VisualStudioVersion = 15.0.27004.2010
MinimumVisualStudioVersion = 10.0.40219.1
Project("{FAE04EC0-301F-11D3-BF4B-00C04F79EFBC}") = "Scenario1-1", "Scenario1-1\Scenario1-1.csproj", "{3A689E4B-F9BC-4379-B76F-F9BFD2023294}"
EndProject
Project("{FAE04EC0-301F-11D3-BF4B-00C04F79EFBC}") = "Scenario1-2", "Scenario1-2\Scenario1-2.csproj", "{26E2FE74-D3D2-4667-AD56-E5294686C574}"
EndProject
Project("{FAE04EC0-301F-11D3-BF4B-00C04F79EFBC}") = "Scenario1-3", "Scenario1-3\Scenario1-3.csproj", "{1C9FADBC-1073-4113-B1E6-A021E3F13AD3}"
EndProject
Project("{FAE04EC0-301F-11D3-BF4B-00C04F79EFBC}") = "Scenario1-4", "Scenario1-4\Scenario1-4.csproj", "{67B97AB8-00A9-4A5C-A77F-13A50360EE32}"
EndProject
Project("{FAE04EC0-301F-11D3-BF4B-00C04F79EFBC}") = "Scenario2-1", "Scenario2-1\Scenario2-1.csproj", "{00E4013B-3912-46CE-B585-1014386ABE54}"
EndProject
Project("{FAE04EC0-301F-11D3-BF4B-00C04F79EFBC}") = "Scenario2-2", "Scenario2-2\Scenario2-2.csproj", "{703EB403-5F01-42D0-9665-121E90BBB09A}"
EndProject
Project("{FAE04EC0-301F-11D3-BF4B-00C04F79EFBC}") = "Scenario2-3", "Scenario2-3\Scenario2-3.csproj", "{8818D3C8-DFFA-4E3B-8B02-1CD801FBCC01}"
EndProject
Global
	GlobalSection(SolutionConfigurationPlatforms) = preSolution
		Debug|Any CPU = Debug|Any CPU
		Release|Any CPU = Release|Any CPU
	EndGlobalSection
	GlobalSection(ProjectConfigurationPlatforms) = postSolution
		{3A689E4B-F9BC-4379-B76F-F9BFD2023294}.Debug|Any CPU.ActiveCfg = Debug|Any CPU
		{3A689E4B-F9BC-4379-B76F-F9BFD2023294}.Debug|Any CPU.Build.0 = Debug|Any CPU
		{3A689E4B-F9BC-4379-B76F-F9BFD2023294}.Release|Any CPU.ActiveCfg = Release|Any CPU
		{3A689E4B-F9BC-4379-B76F-F9BFD2023294}.Release|Any CPU.Build.0 = Release|Any CPU
		{26E2FE74-D3D2-4667-AD56-E5294686C574}.Debug|Any CPU.ActiveCfg = Debug|Any CPU
		{26E2FE74-D3D2-4667-AD56-E5294686C574}.Debug|Any CPU.Build.0 = Debug|Any CPU
		{26E2FE74-D3D2-4667-AD56-E5294686C574}.Release|Any CPU.ActiveCfg = Release|Any CPU
		{26E2FE74-D3D2-4667-AD56-E5294686C574}.Release|Any CPU.Build.0 = Release|Any CPU
		{1C9FADBC-1073-4113-B1E6-A021E3F13AD3}.Debug|Any CPU.ActiveCfg = Debug|Any CPU
		{1C9FADBC-1073-4113-B1E6-A021E3F13AD3}.Debug|Any CPU.Build.0 = Debug|Any CPU
		{1C9FADBC-1073-4113-B1E6-A021E3F13AD3}.Release|Any CPU.ActiveCfg = Release|Any CPU
		{1C9FADBC-1073-4113-B1E6-A021E3F13AD3}.Release|Any CPU.Build.0 = Release|Any CPU
		{67B97AB8-00A9-4A5C-A77F-13A50360EE32}.Debug|Any CPU.ActiveCfg = Debug|Any CPU
		{67B97AB8-00A9-4A5C-A77F-13A50360EE32}.Debug|Any CPU.Build.0 = Debug|Any CPU
		{67B97AB8-00A9-4A5C-A77F-13A50360EE32}.Release|Any CPU.ActiveCfg = Release|Any CPU
		{67B97AB8-00A9-4A5C-A77F-13A50360EE32}.Release|Any CPU.Build.0 = Release|Any CPU
		{00E4013B-3912-46CE-B585-1014386ABE54}.Debug|Any CPU.ActiveCfg = Debug|Any CPU
		{00E4013B-3912-46CE-B585-1014386ABE54}.Debug|Any CPU.Build.0 = Debug|Any CPU
		{00E4013B-3912-46CE-B585-1014386ABE54}.Release|Any CPU.ActiveCfg = Release|Any CPU
		{00E4013B-3912-46CE-B585-1014386ABE54}.Release|Any CPU.Build.0 = Release|Any CPU
		{703EB403-5F01-42D0-9665-121E90BBB09A}.Debug|Any CPU.ActiveCfg = Debug|Any CPU
		{703EB403-5F01-42D0-9665-121E90BBB09A}.Debug|Any CPU.Build.0 = Debug|Any CPU
		{703EB403-5F01-42D0-9665-121E90BBB09A}.Release|Any CPU.ActiveCfg = Release|Any CPU
		{703EB403-5F01-42D0-9665-121E90BBB09A}.Release|Any CPU.Build.0 = Release|Any CPU
		{8818D3C8-DFFA-4E3B-8B02-1CD801FBCC01}.Debug|Any CPU.ActiveCfg = Debug|Any CPU
		{8818D3C8-DFFA-4E3B-8B02-1CD801FBCC01}.Debug|Any CPU.Build.0 = Debug|Any CPU
		{8818D3C8-DFFA-4E3B-8B02-1CD801FBCC01}.Release|Any CPU.ActiveCfg = Release|Any CPU
		{8818D3C8-DFFA-4E3B-8B02-1CD801FBCC01}.Release|Any CPU.Build.0 = Release|Any CPU
	EndGlobalSection
	GlobalSection(SolutionProperties) = preSolution
		HideSolutionNode = FALSE
	EndGlobalSection
	GlobalSection(ExtensibilityGlobals) = postSolution
		SolutionGuid = {9AE47C76-C177-49E4-8260-5F35533E6FE8}
	EndGlobalSection
EndGlobal
