
Microsoft Visual Studio Solution File, Format Version 12.00
# Visual Studio 15
VisualStudioVersion = 15.0.27004.2010
MinimumVisualStudioVersion = 10.0.40219.1
Project("{FAE04EC0-301F-11D3-BF4B-00C04F79EFBC}") = "Scenario1-1", "Scenario1-1\Scenario1-1.csproj", "{3A689E4B-F9BC-4379-B76F-F9BFD2023294}"
EndProject
Project("{FAE04EC0-301F-11D3-BF4B-00C04F79EFBC}") = "Scenario1-2", "Scenario1-2\Scenario1-2.csproj", "{26E2FE74-D3D2-4667-AD56-E5294686C574}"
EndProject
Project("{FAE04EC0-301F-11D3-BF4B-00C04F79EFBC}") = "Scenario1-3", "Scenario1-3\Scenario1-3.csproj", "{1C9FADBC-1073-4113-B1E6-A021E3F13AD3}"
EndProject
Project("{FAE04EC0-301F-11D3-BF4B-00C04F79EFBC}") = "Scenario1-4", "Scenario1-4\Scenario1-4.csproj", "{67B97AB8-00A9-4A5C-A77F-13A50360EE32}"
EndProject
Project("{FAE04EC0-301F-11D3-BF4B-00C04F79EFBC}") = "Scenario2-1", "Scenario2-1\Scenario2-1.csproj", "{00E4013B-3912-46CE-B585-1014386ABE54}"
EndProject
Project("{FAE04EC0-301F-11D3-BF4B-00C04F79EFBC}") = "Scenario2-2", "Scenario2-2\Scenario2-2.csproj", "{703EB403-5F01-42D0-9665-121E90BBB09A}"
EndProject
Project("{FAE04EC0-301F-11D3-BF4B-00C04F79EFBC}") = "Scenario2-3", "Scenario2-3\Scenario2-3.csproj", "{8818D3C8-DFFA-4E3B-8B02-1CD801FBCC01}"
EndProject
Project("{FAE04EC0-301F-11D3-BF4B-00C04F79EFBC}") = "Scenario2-4", "Scenario2-4\Scenario2-4.csproj", "{7A9B37CE-E8C0-45D2-872F-B8BB2E6C4521}"
EndProject
Project("{FAE04EC0-301F-11D3-BF4B-00C04F79EFBC}") = "Scenario3-1", "Scenario3-1\Scenario3-1.csproj", "{65A24964-A2D4-4A0A-A2CB-AC288FF7E36C}"
EndProject
Project("{FAE04EC0-301F-11D3-BF4B-00C04F79EFBC}") = "Scenario3-2", "Scenario3-2\Scenario3-2.csproj", "{A88CC2A3-8D3B-4BFA-8C21-31952DEBB063}"
EndProject
Project("{FAE04EC0-301F-11D3-BF4B-00C04F79EFBC}") = "Scenario3-3", "Scenario3-3\Scenario3-3.csproj", "{A278733C-36CA-40D1-A60A-5DAABBF708AD}"
EndProject
Project("{FAE04EC0-301F-11D3-BF4B-00C04F79EFBC}") = "Scenario3-4", "Scenario3-4\Scenario3-4.csproj", "{C2155E2E-D65C-41A7-A922-EA8EBC393C94}"
EndProject
Project("{FAE04EC0-301F-11D3-BF4B-00C04F79EFBC}") = "Scenario4-1", "Scenario4-1\Scenario4-1.csproj", "{C651D9FA-DC80-46CE-8A58-3F846647DE24}"
EndProject
Global
	GlobalSection(SolutionConfigurationPlatforms) = preSolution
		Debug|Any CPU = Debug|Any CPU
		Release|Any CPU = Release|Any CPU
	EndGlobalSection
	GlobalSection(ProjectConfigurationPlatforms) = postSolution
		{3A689E4B-F9BC-4379-B76F-F9BFD2023294}.Debug|Any CPU.ActiveCfg = Debug|Any CPU
		{3A689E4B-F9BC-4379-B76F-F9BFD2023294}.Debug|Any CPU.Build.0 = Debug|Any CPU
		{3A689E4B-F9BC-4379-B76F-F9BFD2023294}.Release|Any CPU.ActiveCfg = Release|Any CPU
		{3A689E4B-F9BC-4379-B76F-F9BFD2023294}.Release|Any CPU.Build.0 = Release|Any CPU
		{26E2FE74-D3D2-4667-AD56-E5294686C574}.Debug|Any CPU.ActiveCfg = Debug|Any CPU
		{26E2FE74-D3D2-4667-AD56-E5294686C574}.Debug|Any CPU.Build.0 = Debug|Any CPU
		{26E2FE74-D3D2-4667-AD56-E5294686C574}.Release|Any CPU.ActiveCfg = Release|Any CPU
		{26E2FE74-D3D2-4667-AD56-E5294686C574}.Release|Any CPU.Build.0 = Release|Any CPU
		{1C9FADBC-1073-4113-B1E6-A021E3F13AD3}.Debug|Any CPU.ActiveCfg = Debug|Any CPU
		{1C9FADBC-1073-4113-B1E6-A021E3F13AD3}.Debug|Any CPU.Build.0 = Debug|Any CPU
		{1C9FADBC-1073-4113-B1E6-A021E3F13AD3}.Release|Any CPU.ActiveCfg = Release|Any CPU
		{1C9FADBC-1073-4113-B1E6-A021E3F13AD3}.Release|Any CPU.Build.0 = Release|Any CPU
		{67B97AB8-00A9-4A5C-A77F-13A50360EE32}.Debug|Any CPU.ActiveCfg = Debug|Any CPU
		{67B97AB8-00A9-4A5C-A77F-13A50360EE32}.Debug|Any CPU.Build.0 = Debug|Any CPU
		{67B97AB8-00A9-4A5C-A77F-13A50360EE32}.Release|Any CPU.ActiveCfg = Release|Any CPU
		{67B97AB8-00A9-4A5C-A77F-13A50360EE32}.Release|Any CPU.Build.0 = Release|Any CPU
		{00E4013B-3912-46CE-B585-1014386ABE54}.Debug|Any CPU.ActiveCfg = Debug|Any CPU
		{00E4013B-3912-46CE-B585-1014386ABE54}.Debug|Any CPU.Build.0 = Debug|Any CPU
		{00E4013B-3912-46CE-B585-1014386ABE54}.Release|Any CPU.ActiveCfg = Release|Any CPU
		{00E4013B-3912-46CE-B585-1014386ABE54}.Release|Any CPU.Build.0 = Release|Any CPU
		{703EB403-5F01-42D0-9665-121E90BBB09A}.Debug|Any CPU.ActiveCfg = Debug|Any CPU
		{703EB403-5F01-42D0-9665-121E90BBB09A}.Debug|Any CPU.Build.0 = Debug|Any CPU
		{703EB403-5F01-42D0-9665-121E90BBB09A}.Release|Any CPU.ActiveCfg = Release|Any CPU
		{703EB403-5F01-42D0-9665-121E90BBB09A}.Release|Any CPU.Build.0 = Release|Any CPU
		{8818D3C8-DFFA-4E3B-8B02-1CD801FBCC01}.Debug|Any CPU.ActiveCfg = Debug|Any CPU
		{8818D3C8-DFFA-4E3B-8B02-1CD801FBCC01}.Debug|Any CPU.Build.0 = Debug|Any CPU
		{8818D3C8-DFFA-4E3B-8B02-1CD801FBCC01}.Release|Any CPU.ActiveCfg = Release|Any CPU
		{8818D3C8-DFFA-4E3B-8B02-1CD801FBCC01}.Release|Any CPU.Build.0 = Release|Any CPU
		{7A9B37CE-E8C0-45D2-872F-B8BB2E6C4521}.Debug|Any CPU.ActiveCfg = Debug|Any CPU
		{7A9B37CE-E8C0-45D2-872F-B8BB2E6C4521}.Debug|Any CPU.Build.0 = Debug|Any CPU
		{7A9B37CE-E8C0-45D2-872F-B8BB2E6C4521}.Release|Any CPU.ActiveCfg = Release|Any CPU
		{7A9B37CE-E8C0-45D2-872F-B8BB2E6C4521}.Release|Any CPU.Build.0 = Release|Any CPU
		{65A24964-A2D4-4A0A-A2CB-AC288FF7E36C}.Debug|Any CPU.ActiveCfg = Debug|Any CPU
		{65A24964-A2D4-4A0A-A2CB-AC288FF7E36C}.Debug|Any CPU.Build.0 = Debug|Any CPU
		{65A24964-A2D4-4A0A-A2CB-AC288FF7E36C}.Release|Any CPU.ActiveCfg = Release|Any CPU
		{65A24964-A2D4-4A0A-A2CB-AC288FF7E36C}.Release|Any CPU.Build.0 = Release|Any CPU
		{A88CC2A3-8D3B-4BFA-8C21-31952DEBB063}.Debug|Any CPU.ActiveCfg = Debug|Any CPU
		{A88CC2A3-8D3B-4BFA-8C21-31952DEBB063}.Debug|Any CPU.Build.0 = Debug|Any CPU
		{A88CC2A3-8D3B-4BFA-8C21-31952DEBB063}.Release|Any CPU.ActiveCfg = Release|Any CPU
		{A88CC2A3-8D3B-4BFA-8C21-31952DEBB063}.Release|Any CPU.Build.0 = Release|Any CPU
		{A278733C-36CA-40D1-A60A-5DAABBF708AD}.Debug|Any CPU.ActiveCfg = Debug|Any CPU
		{A278733C-36CA-40D1-A60A-5DAABBF708AD}.Debug|Any CPU.Build.0 = Debug|Any CPU
		{A278733C-36CA-40D1-A60A-5DAABBF708AD}.Release|Any CPU.ActiveCfg = Release|Any CPU
		{A278733C-36CA-40D1-A60A-5DAABBF708AD}.Release|Any CPU.Build.0 = Release|Any CPU
		{C2155E2E-D65C-41A7-A922-EA8EBC393C94}.Debug|Any CPU.ActiveCfg = Debug|Any CPU
		{C2155E2E-D65C-41A7-A922-EA8EBC393C94}.Debug|Any CPU.Build.0 = Debug|Any CPU
		{C2155E2E-D65C-41A7-A922-EA8EBC393C94}.Release|Any CPU.ActiveCfg = Release|Any CPU
		{C2155E2E-D65C-41A7-A922-EA8EBC393C94}.Release|Any CPU.Build.0 = Release|Any CPU
		{C651D9FA-DC80-46CE-8A58-3F846647DE24}.Debug|Any CPU.ActiveCfg = Debug|Any CPU
		{C651D9FA-DC80-46CE-8A58-3F846647DE24}.Debug|Any CPU.Build.0 = Debug|Any CPU
		{C651D9FA-DC80-46CE-8A58-3F846647DE24}.Release|Any CPU.ActiveCfg = Release|Any CPU
		{C651D9FA-DC80-46CE-8A58-3F846647DE24}.Release|Any CPU.Build.0 = Release|Any CPU
	EndGlobalSection
	GlobalSection(SolutionProperties) = preSolution
		HideSolutionNode = FALSE
	EndGlobalSection
	GlobalSection(ExtensibilityGlobals) = postSolution
		SolutionGuid = {9AE47C76-C177-49E4-8260-5F35533E6FE8}
	EndGlobalSection
EndGlobal
